
Microsoft Visual Studio Solution File, Format Version 12.00
# Visual Studio Version 17
VisualStudioVersion = 17.11.35208.52
MinimumVisualStudioVersion = 10.0.40219.1
Project("{FAE04EC0-301F-11D3-BF4B-00C04F79EFBC}") = "Vidly", "Vidly\Vidly.csproj", "{FECF9573-94AA-4E2E-89AF-E0E0BBBB1890}"
EndProject
Global
	GlobalSection(SolutionConfigurationPlatforms) = preSolution
		Debug|Any CPU = Debug|Any CPU
		Release|Any CPU = Release|Any CPU
	EndGlobalSection
	GlobalSection(ProjectConfigurationPlatforms) = postSolution
		{FECF9573-94AA-4E2E-89AF-E0E0BBBB1890}.Debug|Any CPU.ActiveCfg = Debug|Any CPU
		{FECF9573-94AA-4E2E-89AF-E0E0BBBB1890}.Debug|Any CPU.Build.0 = Debug|Any CPU
		{FECF9573-94AA-4E2E-89AF-E0E0BBBB1890}.Release|Any CPU.ActiveCfg = Release|Any CPU
		{FECF9573-94AA-4E2E-89AF-E0E0BBBB1890}.Release|Any CPU.Build.0 = Release|Any CPU
	EndGlobalSection
	GlobalSection(SolutionProperties) = preSolution
		HideSolutionNode = FALSE
	EndGlobalSection
	GlobalSection(ExtensibilityGlobals) = postSolution
		SolutionGuid = {10C3F9D7-998B-4E56-A8E1-471D5B31D3D5}
	EndGlobalSection
EndGlobal
